
Microsoft Visual Studio Solution File, Format Version 12.00
# Visual Studio Version 16
VisualStudioVersion = 16.0.31613.86
MinimumVisualStudioVersion = 10.0.40219.1
Project("{FAE04EC0-301F-11D3-BF4B-00C04F79EFBC}") = "UT1_BugSquash", "UT1_BugSquash.csproj", "{6A1F65FD-57D8-42D5-A625-EA4D527BF8B8}"
EndProject
Global
	GlobalSection(SolutionConfigurationPlatforms) = preSolution
		Debug|Any CPU = Debug|Any CPU
		Release|Any CPU = Release|Any CPU
	EndGlobalSection
	GlobalSection(ProjectConfigurationPlatforms) = postSolution
		{6A1F65FD-57D8-42D5-A625-EA4D527BF8B8}.Debug|Any CPU.ActiveCfg = Debug|Any CPU
		{6A1F65FD-57D8-42D5-A625-EA4D527BF8B8}.Debug|Any CPU.Build.0 = Debug|Any CPU
		{6A1F65FD-57D8-42D5-A625-EA4D527BF8B8}.Release|Any CPU.ActiveCfg = Release|Any CPU
		{6A1F65FD-57D8-42D5-A625-EA4D527BF8B8}.Release|Any CPU.Build.0 = Release|Any CPU
	EndGlobalSection
	GlobalSection(SolutionProperties) = preSolution
		HideSolutionNode = FALSE
	EndGlobalSection
	GlobalSection(ExtensibilityGlobals) = postSolution
		SolutionGuid = {843D89A3-7B89-4593-AFA7-4710434EA18D}
	EndGlobalSection
EndGlobal
